// !$*UTF8*$!
{
	archiveVersion = 1;
	classes = {
	};
	objectVersion = 50;
	objects = {

/* Begin PBXBuildFile section */
		65B6DFA4210C3AA700334702 /* NSArray+XYChart.m in Sources */ = {isa = PBXBuildFile; fileRef = 65B6DF87210C3AA600334702 /* NSArray+XYChart.m */; };
		65B6DFA5210C3AA700334702 /* UIColor+XYChart.m in Sources */ = {isa = PBXBuildFile; fileRef = 65B6DF8A210C3AA600334702 /* UIColor+XYChart.m */; };
		65B6DFA6210C3AA700334702 /* XYChartItem.m in Sources */ = {isa = PBXBuildFile; fileRef = 65B6DF8E210C3AA600334702 /* XYChartItem.m */; };
		65B6DFA7210C3AA700334702 /* XYChartDataSourceItem.m in Sources */ = {isa = PBXBuildFile; fileRef = 65B6DF8F210C3AA600334702 /* XYChartDataSourceItem.m */; };
		65B6DFA8210C3AA700334702 /* XYBarView.m in Sources */ = {isa = PBXBuildFile; fileRef = 65B6DF97210C3AA600334702 /* XYBarView.m */; };
		65B6DFA9210C3AA700334702 /* XYBarCell.m in Sources */ = {isa = PBXBuildFile; fileRef = 65B6DF98210C3AA600334702 /* XYBarCell.m */; };
		65B6DFAA210C3AA700334702 /* XYBarChart.m in Sources */ = {isa = PBXBuildFile; fileRef = 65B6DF99210C3AA600334702 /* XYBarChart.m */; };
		65B6DFAB210C3AA700334702 /* XYChart.m in Sources */ = {isa = PBXBuildFile; fileRef = 65B6DF9A210C3AA600334702 /* XYChart.m */; };
		65B6DFAC210C3AA700334702 /* XYLineItemView.m in Sources */ = {isa = PBXBuildFile; fileRef = 65B6DF9C210C3AA700334702 /* XYLineItemView.m */; };
		65B6DFAD210C3AA700334702 /* XYLinesView.m in Sources */ = {isa = PBXBuildFile; fileRef = 65B6DF9D210C3AA700334702 /* XYLinesView.m */; };
		65B6DFAE210C3AA700334702 /* XYLineChart.m in Sources */ = {isa = PBXBuildFile; fileRef = 65B6DF9E210C3AA700334702 /* XYLineChart.m */; };
		65B6DFAF210C3AA700334702 /* XYLineGradientLayer.m in Sources */ = {isa = PBXBuildFile; fileRef = 65B6DFA3210C3AA700334702 /* XYLineGradientLayer.m */; };
		65CB0EC92104416A0065236D /* AppDelegate.m in Sources */ = {isa = PBXBuildFile; fileRef = 65CB0EC82104416A0065236D /* AppDelegate.m */; };
		65CB0ECC2104416A0065236D /* BarTableViewController.m in Sources */ = {isa = PBXBuildFile; fileRef = 65CB0ECB2104416A0065236D /* BarTableViewController.m */; };
		65CB0ECF2104416A0065236D /* Main.storyboard in Resources */ = {isa = PBXBuildFile; fileRef = 65CB0ECD2104416A0065236D /* Main.storyboard */; };
		65CB0ED12104416B0065236D /* Assets.xcassets in Resources */ = {isa = PBXBuildFile; fileRef = 65CB0ED02104416B0065236D /* Assets.xcassets */; };
		65CB0ED42104416B0065236D /* LaunchScreen.storyboard in Resources */ = {isa = PBXBuildFile; fileRef = 65CB0ED22104416B0065236D /* LaunchScreen.storyboard */; };
		65CB0ED72104416B0065236D /* main.m in Sources */ = {isa = PBXBuildFile; fileRef = 65CB0ED62104416B0065236D /* main.m */; };
		65CB0EE12104416B0065236D /* XYChartTests.m in Sources */ = {isa = PBXBuildFile; fileRef = 65CB0EE02104416B0065236D /* XYChartTests.m */; };
		65CB0EEC2104416B0065236D /* XYChartUITests.m in Sources */ = {isa = PBXBuildFile; fileRef = 65CB0EEB2104416B0065236D /* XYChartUITests.m */; };
		65CB0F26210443A80065236D /* LineTableViewController.m in Sources */ = {isa = PBXBuildFile; fileRef = 65CB0F25210443A80065236D /* LineTableViewController.m */; };
		65CB0F2C21044B7A0065236D /* ChartViewCell.m in Sources */ = {isa = PBXBuildFile; fileRef = 65CB0F2B21044B7A0065236D /* ChartViewCell.m */; };
		65E9A36F2104541F00277206 /* RandomChartDataSource.m in Sources */ = {isa = PBXBuildFile; fileRef = 65E9A36E2104541F00277206 /* RandomChartDataSource.m */; };
		65E9A3722104584100277206 /* README.md in Resources */ = {isa = PBXBuildFile; fileRef = 65E9A3702104584000277206 /* README.md */; };
		65E9A3732104584100277206 /* XYChart.podspec in Resources */ = {isa = PBXBuildFile; fileRef = 65E9A3712104584100277206 /* XYChart.podspec */; };
		65E9A3762104584C00277206 /* .travis.yml in Resources */ = {isa = PBXBuildFile; fileRef = 65E9A3742104584B00277206 /* .travis.yml */; };
		65E9A3772104584C00277206 /* LICENSE in Resources */ = {isa = PBXBuildFile; fileRef = 65E9A3752104584B00277206 /* LICENSE */; };
/* End PBXBuildFile section */

/* Begin PBXContainerItemProxy section */
		65CB0EDD2104416B0065236D /* PBXContainerItemProxy */ = {
			isa = PBXContainerItemProxy;
			containerPortal = 65CB0EBC2104416A0065236D /* Project object */;
			proxyType = 1;
			remoteGlobalIDString = 65CB0EC32104416A0065236D;
			remoteInfo = XYChart;
		};
		65CB0EE82104416B0065236D /* PBXContainerItemProxy */ = {
			isa = PBXContainerItemProxy;
			containerPortal = 65CB0EBC2104416A0065236D /* Project object */;
			proxyType = 1;
			remoteGlobalIDString = 65CB0EC32104416A0065236D;
			remoteInfo = XYChart;
		};
/* End PBXContainerItemProxy section */

/* Begin PBXFileReference section */
		65B6DF83210C3A8800334702 /* XYChartProtocol.h */ = {isa = PBXFileReference; fileEncoding = 4; lastKnownFileType = sourcecode.c.h; path = XYChartProtocol.h; sourceTree = "<group>"; };
		65B6DF84210C3A8800334702 /* XYChartConst.h */ = {isa = PBXFileReference; fileEncoding = 4; lastKnownFileType = sourcecode.c.h; path = XYChartConst.h; sourceTree = "<group>"; };
		65B6DF85210C3AA600334702 /* XYChart.h */ = {isa = PBXFileReference; fileEncoding = 4; lastKnownFileType = sourcecode.c.h; path = XYChart.h; sourceTree = "<group>"; };
		65B6DF87210C3AA600334702 /* NSArray+XYChart.m */ = {isa = PBXFileReference; fileEncoding = 4; lastKnownFileType = sourcecode.c.objc; path = "NSArray+XYChart.m"; sourceTree = "<group>"; };
		65B6DF88210C3AA600334702 /* UIColor+XYChart.h */ = {isa = PBXFileReference; fileEncoding = 4; lastKnownFileType = sourcecode.c.h; path = "UIColor+XYChart.h"; sourceTree = "<group>"; };
		65B6DF89210C3AA600334702 /* NSArray+XYChart.h */ = {isa = PBXFileReference; fileEncoding = 4; lastKnownFileType = sourcecode.c.h; path = "NSArray+XYChart.h"; sourceTree = "<group>"; };
		65B6DF8A210C3AA600334702 /* UIColor+XYChart.m */ = {isa = PBXFileReference; fileEncoding = 4; lastKnownFileType = sourcecode.c.objc; path = "UIColor+XYChart.m"; sourceTree = "<group>"; };
		65B6DF8C210C3AA600334702 /* XYChartItem.h */ = {isa = PBXFileReference; fileEncoding = 4; lastKnownFileType = sourcecode.c.h; path = XYChartItem.h; sourceTree = "<group>"; };
		65B6DF8D210C3AA600334702 /* XYChartDataSourceItem.h */ = {isa = PBXFileReference; fileEncoding = 4; lastKnownFileType = sourcecode.c.h; path = XYChartDataSourceItem.h; sourceTree = "<group>"; };
		65B6DF8E210C3AA600334702 /* XYChartItem.m */ = {isa = PBXFileReference; fileEncoding = 4; lastKnownFileType = sourcecode.c.objc; path = XYChartItem.m; sourceTree = "<group>"; };
		65B6DF8F210C3AA600334702 /* XYChartDataSourceItem.m */ = {isa = PBXFileReference; fileEncoding = 4; lastKnownFileType = sourcecode.c.objc; path = XYChartDataSourceItem.m; sourceTree = "<group>"; };
		65B6DF94210C3AA600334702 /* XYBarView.h */ = {isa = PBXFileReference; fileEncoding = 4; lastKnownFileType = sourcecode.c.h; path = XYBarView.h; sourceTree = "<group>"; };
		65B6DF95210C3AA600334702 /* XYBarCell.h */ = {isa = PBXFileReference; fileEncoding = 4; lastKnownFileType = sourcecode.c.h; path = XYBarCell.h; sourceTree = "<group>"; };
		65B6DF96210C3AA600334702 /* XYBarChart.h */ = {isa = PBXFileReference; fileEncoding = 4; lastKnownFileType = sourcecode.c.h; path = XYBarChart.h; sourceTree = "<group>"; };
		65B6DF97210C3AA600334702 /* XYBarView.m */ = {isa = PBXFileReference; fileEncoding = 4; lastKnownFileType = sourcecode.c.objc; path = XYBarView.m; sourceTree = "<group>"; };
		65B6DF98210C3AA600334702 /* XYBarCell.m */ = {isa = PBXFileReference; fileEncoding = 4; lastKnownFileType = sourcecode.c.objc; path = XYBarCell.m; sourceTree = "<group>"; };
		65B6DF99210C3AA600334702 /* XYBarChart.m */ = {isa = PBXFileReference; fileEncoding = 4; lastKnownFileType = sourcecode.c.objc; path = XYBarChart.m; sourceTree = "<group>"; };
		65B6DF9A210C3AA600334702 /* XYChart.m */ = {isa = PBXFileReference; fileEncoding = 4; lastKnownFileType = sourcecode.c.objc; path = XYChart.m; sourceTree = "<group>"; };
		65B6DF9C210C3AA700334702 /* XYLineItemView.m */ = {isa = PBXFileReference; fileEncoding = 4; lastKnownFileType = sourcecode.c.objc; path = XYLineItemView.m; sourceTree = "<group>"; };
		65B6DF9D210C3AA700334702 /* XYLinesView.m */ = {isa = PBXFileReference; fileEncoding = 4; lastKnownFileType = sourcecode.c.objc; path = XYLinesView.m; sourceTree = "<group>"; };
		65B6DF9E210C3AA700334702 /* XYLineChart.m */ = {isa = PBXFileReference; fileEncoding = 4; lastKnownFileType = sourcecode.c.objc; path = XYLineChart.m; sourceTree = "<group>"; };
		65B6DF9F210C3AA700334702 /* XYLineGradientLayer.h */ = {isa = PBXFileReference; fileEncoding = 4; lastKnownFileType = sourcecode.c.h; path = XYLineGradientLayer.h; sourceTree = "<group>"; };
		65B6DFA0210C3AA700334702 /* XYLineItemView.h */ = {isa = PBXFileReference; fileEncoding = 4; lastKnownFileType = sourcecode.c.h; path = XYLineItemView.h; sourceTree = "<group>"; };
		65B6DFA1210C3AA700334702 /* XYLineChart.h */ = {isa = PBXFileReference; fileEncoding = 4; lastKnownFileType = sourcecode.c.h; path = XYLineChart.h; sourceTree = "<group>"; };
		65B6DFA2210C3AA700334702 /* XYLinesView.h */ = {isa = PBXFileReference; fileEncoding = 4; lastKnownFileType = sourcecode.c.h; path = XYLinesView.h; sourceTree = "<group>"; };
		65B6DFA3210C3AA700334702 /* XYLineGradientLayer.m */ = {isa = PBXFileReference; fileEncoding = 4; lastKnownFileType = sourcecode.c.objc; path = XYLineGradientLayer.m; sourceTree = "<group>"; };
		65CB0EC42104416A0065236D /* XYChart.app */ = {isa = PBXFileReference; explicitFileType = wrapper.application; includeInIndex = 0; path = XYChart.app; sourceTree = BUILT_PRODUCTS_DIR; };
		65CB0EC72104416A0065236D /* AppDelegate.h */ = {isa = PBXFileReference; lastKnownFileType = sourcecode.c.h; path = AppDelegate.h; sourceTree = "<group>"; };
		65CB0EC82104416A0065236D /* AppDelegate.m */ = {isa = PBXFileReference; lastKnownFileType = sourcecode.c.objc; path = AppDelegate.m; sourceTree = "<group>"; };
		65CB0ECA2104416A0065236D /* BarTableViewController.h */ = {isa = PBXFileReference; lastKnownFileType = sourcecode.c.h; path = BarTableViewController.h; sourceTree = "<group>"; };
		65CB0ECB2104416A0065236D /* BarTableViewController.m */ = {isa = PBXFileReference; lastKnownFileType = sourcecode.c.objc; path = BarTableViewController.m; sourceTree = "<group>"; };
		65CB0ECE2104416A0065236D /* Base */ = {isa = PBXFileReference; lastKnownFileType = file.storyboard; name = Base; path = Base.lproj/Main.storyboard; sourceTree = "<group>"; };
		65CB0ED02104416B0065236D /* Assets.xcassets */ = {isa = PBXFileReference; lastKnownFileType = folder.assetcatalog; path = Assets.xcassets; sourceTree = "<group>"; };
		65CB0ED32104416B0065236D /* Base */ = {isa = PBXFileReference; lastKnownFileType = file.storyboard; name = Base; path = Base.lproj/LaunchScreen.storyboard; sourceTree = "<group>"; };
		65CB0ED52104416B0065236D /* Info.plist */ = {isa = PBXFileReference; lastKnownFileType = text.plist.xml; path = Info.plist; sourceTree = "<group>"; };
		65CB0ED62104416B0065236D /* main.m */ = {isa = PBXFileReference; lastKnownFileType = sourcecode.c.objc; path = main.m; sourceTree = "<group>"; };
		65CB0EDC2104416B0065236D /* XYChartTests.xctest */ = {isa = PBXFileReference; explicitFileType = wrapper.cfbundle; includeInIndex = 0; path = XYChartTests.xctest; sourceTree = BUILT_PRODUCTS_DIR; };
		65CB0EE02104416B0065236D /* XYChartTests.m */ = {isa = PBXFileReference; lastKnownFileType = sourcecode.c.objc; path = XYChartTests.m; sourceTree = "<group>"; };
		65CB0EE22104416B0065236D /* Info.plist */ = {isa = PBXFileReference; lastKnownFileType = text.plist.xml; path = Info.plist; sourceTree = "<group>"; };
		65CB0EE72104416B0065236D /* XYChartUITests.xctest */ = {isa = PBXFileReference; explicitFileType = wrapper.cfbundle; includeInIndex = 0; path = XYChartUITests.xctest; sourceTree = BUILT_PRODUCTS_DIR; };
		65CB0EEB2104416B0065236D /* XYChartUITests.m */ = {isa = PBXFileReference; lastKnownFileType = sourcecode.c.objc; path = XYChartUITests.m; sourceTree = "<group>"; };
		65CB0EED2104416B0065236D /* Info.plist */ = {isa = PBXFileReference; lastKnownFileType = text.plist.xml; path = Info.plist; sourceTree = "<group>"; };
		65CB0F24210443A80065236D /* LineTableViewController.h */ = {isa = PBXFileReference; lastKnownFileType = sourcecode.c.h; path = LineTableViewController.h; sourceTree = "<group>"; };
		65CB0F25210443A80065236D /* LineTableViewController.m */ = {isa = PBXFileReference; lastKnownFileType = sourcecode.c.objc; path = LineTableViewController.m; sourceTree = "<group>"; };
		65CB0F2A21044B790065236D /* ChartViewCell.h */ = {isa = PBXFileReference; fileEncoding = 4; lastKnownFileType = sourcecode.c.h; path = ChartViewCell.h; sourceTree = "<group>"; };
		65CB0F2B21044B7A0065236D /* ChartViewCell.m */ = {isa = PBXFileReference; fileEncoding = 4; lastKnownFileType = sourcecode.c.objc; path = ChartViewCell.m; sourceTree = "<group>"; };
		65E9A36D2104541F00277206 /* RandomChartDataSource.h */ = {isa = PBXFileReference; lastKnownFileType = sourcecode.c.h; path = RandomChartDataSource.h; sourceTree = "<group>"; };
		65E9A36E2104541F00277206 /* RandomChartDataSource.m */ = {isa = PBXFileReference; lastKnownFileType = sourcecode.c.objc; path = RandomChartDataSource.m; sourceTree = "<group>"; };
		65E9A3702104584000277206 /* README.md */ = {isa = PBXFileReference; fileEncoding = 4; lastKnownFileType = net.daringfireball.markdown; name = README.md; path = ../../README.md; sourceTree = "<group>"; };
		65E9A3712104584100277206 /* XYChart.podspec */ = {isa = PBXFileReference; fileEncoding = 4; lastKnownFileType = text; name = XYChart.podspec; path = ../../XYChart.podspec; sourceTree = "<group>"; };
		65E9A3742104584B00277206 /* .travis.yml */ = {isa = PBXFileReference; explicitFileType = text.script.ruby; fileEncoding = 4; name = .travis.yml; path = ../../.travis.yml; sourceTree = "<group>"; };
		65E9A3752104584B00277206 /* LICENSE */ = {isa = PBXFileReference; fileEncoding = 4; lastKnownFileType = text; name = LICENSE; path = ../../LICENSE; sourceTree = "<group>"; };
/* End PBXFileReference section */

/* Begin PBXFrameworksBuildPhase section */
		65CB0EC12104416A0065236D /* Frameworks */ = {
			isa = PBXFrameworksBuildPhase;
			buildActionMask = 2147483647;
			files = (
			);
			runOnlyForDeploymentPostprocessing = 0;
		};
		65CB0ED92104416B0065236D /* Frameworks */ = {
			isa = PBXFrameworksBuildPhase;
			buildActionMask = 2147483647;
			files = (
			);
			runOnlyForDeploymentPostprocessing = 0;
		};
		65CB0EE42104416B0065236D /* Frameworks */ = {
			isa = PBXFrameworksBuildPhase;
			buildActionMask = 2147483647;
			files = (
			);
			runOnlyForDeploymentPostprocessing = 0;
		};
/* End PBXFrameworksBuildPhase section */

/* Begin PBXGroup section */
		65B6DF82210C3A8800334702 /* Const */ = {
			isa = PBXGroup;
			children = (
				65B6DF83210C3A8800334702 /* XYChartProtocol.h */,
				65B6DF84210C3A8800334702 /* XYChartConst.h */,
			);
			path = Const;
			sourceTree = "<group>";
		};
		65B6DF86210C3AA600334702 /* Extension */ = {
			isa = PBXGroup;
			children = (
				65B6DF89210C3AA600334702 /* NSArray+XYChart.h */,
				65B6DF87210C3AA600334702 /* NSArray+XYChart.m */,
				65B6DF88210C3AA600334702 /* UIColor+XYChart.h */,
				65B6DF8A210C3AA600334702 /* UIColor+XYChart.m */,
			);
			path = Extension;
			sourceTree = "<group>";
		};
		65B6DF8B210C3AA600334702 /* model */ = {
			isa = PBXGroup;
			children = (
				65B6DF8D210C3AA600334702 /* XYChartDataSourceItem.h */,
				65B6DF8F210C3AA600334702 /* XYChartDataSourceItem.m */,
				65B6DF8C210C3AA600334702 /* XYChartItem.h */,
				65B6DF8E210C3AA600334702 /* XYChartItem.m */,
			);
			path = model;
			sourceTree = "<group>";
		};
		65B6DF93210C3AA600334702 /* Bar */ = {
			isa = PBXGroup;
			children = (
				65B6DF96210C3AA600334702 /* XYBarChart.h */,
				65B6DF99210C3AA600334702 /* XYBarChart.m */,
				65B6DF95210C3AA600334702 /* XYBarCell.h */,
				65B6DF98210C3AA600334702 /* XYBarCell.m */,
				65B6DF94210C3AA600334702 /* XYBarView.h */,
				65B6DF97210C3AA600334702 /* XYBarView.m */,
			);
			path = Bar;
			sourceTree = "<group>";
		};
		65B6DF9B210C3AA700334702 /* Line */ = {
			isa = PBXGroup;
			children = (
				65B6DFA1210C3AA700334702 /* XYLineChart.h */,
				65B6DF9E210C3AA700334702 /* XYLineChart.m */,
				65B6DF9F210C3AA700334702 /* XYLineGradientLayer.h */,
				65B6DFA3210C3AA700334702 /* XYLineGradientLayer.m */,
				65B6DFA0210C3AA700334702 /* XYLineItemView.h */,
				65B6DF9C210C3AA700334702 /* XYLineItemView.m */,
				65B6DFA2210C3AA700334702 /* XYLinesView.h */,
				65B6DF9D210C3AA700334702 /* XYLinesView.m */,
			);
			path = Line;
			sourceTree = "<group>";
		};
		65CB0EBB2104416A0065236D = {
			isa = PBXGroup;
			children = (
				65CB0EC62104416A0065236D /* XYChart */,
				65CB0EDF2104416B0065236D /* XYChartTests */,
				65CB0EEA2104416B0065236D /* XYChartUITests */,
				65CB0EC52104416A0065236D /* Products */,
			);
			sourceTree = "<group>";
		};
		65CB0EC52104416A0065236D /* Products */ = {
			isa = PBXGroup;
			children = (
				65CB0EC42104416A0065236D /* XYChart.app */,
				65CB0EDC2104416B0065236D /* XYChartTests.xctest */,
				65CB0EE72104416B0065236D /* XYChartUITests.xctest */,
			);
			name = Products;
			sourceTree = "<group>";
		};
		65CB0EC62104416A0065236D /* XYChart */ = {
			isa = PBXGroup;
			children = (
				65E9A3702104584000277206 /* README.md */,
				65E9A3712104584100277206 /* XYChart.podspec */,
				65E9A3742104584B00277206 /* .travis.yml */,
				65E9A3752104584B00277206 /* LICENSE */,
				65CB0EF92104422A0065236D /* XYChart */,
				65CB0EC72104416A0065236D /* AppDelegate.h */,
				65CB0EC82104416A0065236D /* AppDelegate.m */,
				65E9A36D2104541F00277206 /* RandomChartDataSource.h */,
				65E9A36E2104541F00277206 /* RandomChartDataSource.m */,
				65CB0ECA2104416A0065236D /* BarTableViewController.h */,
				65CB0ECB2104416A0065236D /* BarTableViewController.m */,
				65CB0F24210443A80065236D /* LineTableViewController.h */,
				65CB0F25210443A80065236D /* LineTableViewController.m */,
				65CB0F2A21044B790065236D /* ChartViewCell.h */,
				65CB0F2B21044B7A0065236D /* ChartViewCell.m */,
				65CB0ECD2104416A0065236D /* Main.storyboard */,
				65CB0ED02104416B0065236D /* Assets.xcassets */,
				65CB0ED22104416B0065236D /* LaunchScreen.storyboard */,
				65CB0ED52104416B0065236D /* Info.plist */,
				65CB0ED62104416B0065236D /* main.m */,
			);
			path = XYChart;
			sourceTree = "<group>";
		};
		65CB0EDF2104416B0065236D /* XYChartTests */ = {
			isa = PBXGroup;
			children = (
				65CB0EE02104416B0065236D /* XYChartTests.m */,
				65CB0EE22104416B0065236D /* Info.plist */,
			);
			path = XYChartTests;
			sourceTree = "<group>";
		};
		65CB0EEA2104416B0065236D /* XYChartUITests */ = {
			isa = PBXGroup;
			children = (
				65CB0EEB2104416B0065236D /* XYChartUITests.m */,
				65CB0EED2104416B0065236D /* Info.plist */,
			);
			path = XYChartUITests;
			sourceTree = "<group>";
		};
		65CB0EF92104422A0065236D /* XYChart */ = {
			isa = PBXGroup;
			children = (
				65B6DF85210C3AA600334702 /* XYChart.h */,
				65B6DF9A210C3AA600334702 /* XYChart.m */,
				65B6DF82210C3A8800334702 /* Const */,
				65B6DF9B210C3AA700334702 /* Line */,
				65B6DF93210C3AA600334702 /* Bar */,
				65B6DF86210C3AA600334702 /* Extension */,
				65B6DF8B210C3AA600334702 /* model */,
			);
			name = XYChart;
			path = ../../XYChart;
			sourceTree = "<group>";
		};
/* End PBXGroup section */

/* Begin PBXNativeTarget section */
		65CB0EC32104416A0065236D /* XYChart */ = {
			isa = PBXNativeTarget;
			buildConfigurationList = 65CB0EF02104416B0065236D /* Build configuration list for PBXNativeTarget "XYChart" */;
			buildPhases = (
				65CB0EC02104416A0065236D /* Sources */,
				65CB0EC12104416A0065236D /* Frameworks */,
				65CB0EC22104416A0065236D /* Resources */,
			);
			buildRules = (
			);
			dependencies = (
			);
			name = XYChart;
			productName = XYChart;
			productReference = 65CB0EC42104416A0065236D /* XYChart.app */;
			productType = "com.apple.product-type.application";
		};
		65CB0EDB2104416B0065236D /* XYChartTests */ = {
			isa = PBXNativeTarget;
			buildConfigurationList = 65CB0EF32104416B0065236D /* Build configuration list for PBXNativeTarget "XYChartTests" */;
			buildPhases = (
				65CB0ED82104416B0065236D /* Sources */,
				65CB0ED92104416B0065236D /* Frameworks */,
				65CB0EDA2104416B0065236D /* Resources */,
			);
			buildRules = (
			);
			dependencies = (
				65CB0EDE2104416B0065236D /* PBXTargetDependency */,
			);
			name = XYChartTests;
			productName = XYChartTests;
			productReference = 65CB0EDC2104416B0065236D /* XYChartTests.xctest */;
			productType = "com.apple.product-type.bundle.unit-test";
		};
		65CB0EE62104416B0065236D /* XYChartUITests */ = {
			isa = PBXNativeTarget;
			buildConfigurationList = 65CB0EF62104416B0065236D /* Build configuration list for PBXNativeTarget "XYChartUITests" */;
			buildPhases = (
				65CB0EE32104416B0065236D /* Sources */,
				65CB0EE42104416B0065236D /* Frameworks */,
				65CB0EE52104416B0065236D /* Resources */,
			);
			buildRules = (
			);
			dependencies = (
				65CB0EE92104416B0065236D /* PBXTargetDependency */,
			);
			name = XYChartUITests;
			productName = XYChartUITests;
			productReference = 65CB0EE72104416B0065236D /* XYChartUITests.xctest */;
			productType = "com.apple.product-type.bundle.ui-testing";
		};
/* End PBXNativeTarget section */

/* Begin PBXProject section */
		65CB0EBC2104416A0065236D /* Project object */ = {
			isa = PBXProject;
			attributes = {
				LastUpgradeCheck = 0940;
				ORGANIZATIONNAME = Daniel;
				TargetAttributes = {
					65CB0EC32104416A0065236D = {
						CreatedOnToolsVersion = 9.4.1;
					};
					65CB0EDB2104416B0065236D = {
						CreatedOnToolsVersion = 9.4.1;
						TestTargetID = 65CB0EC32104416A0065236D;
					};
					65CB0EE62104416B0065236D = {
						CreatedOnToolsVersion = 9.4.1;
						TestTargetID = 65CB0EC32104416A0065236D;
					};
				};
			};
			buildConfigurationList = 65CB0EBF2104416A0065236D /* Build configuration list for PBXProject "XYChart" */;
			compatibilityVersion = "Xcode 9.3";
			developmentRegion = en;
			hasScannedForEncodings = 0;
			knownRegions = (
				en,
				Base,
			);
			mainGroup = 65CB0EBB2104416A0065236D;
			productRefGroup = 65CB0EC52104416A0065236D /* Products */;
			projectDirPath = "";
			projectRoot = "";
			targets = (
				65CB0EC32104416A0065236D /* XYChart */,
				65CB0EDB2104416B0065236D /* XYChartTests */,
				65CB0EE62104416B0065236D /* XYChartUITests */,
			);
		};
/* End PBXProject section */

/* Begin PBXResourcesBuildPhase section */
		65CB0EC22104416A0065236D /* Resources */ = {
			isa = PBXResourcesBuildPhase;
			buildActionMask = 2147483647;
			files = (
				65E9A3762104584C00277206 /* .travis.yml in Resources */,
				65CB0ED42104416B0065236D /* LaunchScreen.storyboard in Resources */,
				65E9A3732104584100277206 /* XYChart.podspec in Resources */,
				65E9A3772104584C00277206 /* LICENSE in Resources */,
				65CB0ED12104416B0065236D /* Assets.xcassets in Resources */,
				65E9A3722104584100277206 /* README.md in Resources */,
				65CB0ECF2104416A0065236D /* Main.storyboard in Resources */,
			);
			runOnlyForDeploymentPostprocessing = 0;
		};
		65CB0EDA2104416B0065236D /* Resources */ = {
			isa = PBXResourcesBuildPhase;
			buildActionMask = 2147483647;
			files = (
			);
			runOnlyForDeploymentPostprocessing = 0;
		};
		65CB0EE52104416B0065236D /* Resources */ = {
			isa = PBXResourcesBuildPhase;
			buildActionMask = 2147483647;
			files = (
			);
			runOnlyForDeploymentPostprocessing = 0;
		};
/* End PBXResourcesBuildPhase section */

/* Begin PBXSourcesBuildPhase section */
		65CB0EC02104416A0065236D /* Sources */ = {
			isa = PBXSourcesBuildPhase;
			buildActionMask = 2147483647;
			files = (
				65B6DFA9210C3AA700334702 /* XYBarCell.m in Sources */,
				65CB0ECC2104416A0065236D /* BarTableViewController.m in Sources */,
				65B6DFA6210C3AA700334702 /* XYChartItem.m in Sources */,
				65B6DFAB210C3AA700334702 /* XYChart.m in Sources */,
				65CB0ED72104416B0065236D /* main.m in Sources */,
				65B6DFA8210C3AA700334702 /* XYBarView.m in Sources */,
				65B6DFAE210C3AA700334702 /* XYLineChart.m in Sources */,
				65B6DFAC210C3AA700334702 /* XYLineItemView.m in Sources */,
				65CB0F26210443A80065236D /* LineTableViewController.m in Sources */,
				65B6DFA7210C3AA700334702 /* XYChartDataSourceItem.m in Sources */,
				65B6DFAF210C3AA700334702 /* XYLineGradientLayer.m in Sources */,
				65E9A36F2104541F00277206 /* RandomChartDataSource.m in Sources */,
				65B6DFA4210C3AA700334702 /* NSArray+XYChart.m in Sources */,
				65CB0F2C21044B7A0065236D /* ChartViewCell.m in Sources */,
				65CB0EC92104416A0065236D /* AppDelegate.m in Sources */,
				65B6DFAA210C3AA700334702 /* XYBarChart.m in Sources */,
				65B6DFA5210C3AA700334702 /* UIColor+XYChart.m in Sources */,
				65B6DFAD210C3AA700334702 /* XYLinesView.m in Sources */,
			);
			runOnlyForDeploymentPostprocessing = 0;
		};
		65CB0ED82104416B0065236D /* Sources */ = {
			isa = PBXSourcesBuildPhase;
			buildActionMask = 2147483647;
			files = (
				65CB0EE12104416B0065236D /* XYChartTests.m in Sources */,
			);
			runOnlyForDeploymentPostprocessing = 0;
		};
		65CB0EE32104416B0065236D /* Sources */ = {
			isa = PBXSourcesBuildPhase;
			buildActionMask = 2147483647;
			files = (
				65CB0EEC2104416B0065236D /* XYChartUITests.m in Sources */,
			);
			runOnlyForDeploymentPostprocessing = 0;
		};
/* End PBXSourcesBuildPhase section */

/* Begin PBXTargetDependency section */
		65CB0EDE2104416B0065236D /* PBXTargetDependency */ = {
			isa = PBXTargetDependency;
			target = 65CB0EC32104416A0065236D /* XYChart */;
			targetProxy = 65CB0EDD2104416B0065236D /* PBXContainerItemProxy */;
		};
		65CB0EE92104416B0065236D /* PBXTargetDependency */ = {
			isa = PBXTargetDependency;
			target = 65CB0EC32104416A0065236D /* XYChart */;
			targetProxy = 65CB0EE82104416B0065236D /* PBXContainerItemProxy */;
		};
/* End PBXTargetDependency section */

/* Begin PBXVariantGroup section */
		65CB0ECD2104416A0065236D /* Main.storyboard */ = {
			isa = PBXVariantGroup;
			children = (
				65CB0ECE2104416A0065236D /* Base */,
			);
			name = Main.storyboard;
			sourceTree = "<group>";
		};
		65CB0ED22104416B0065236D /* LaunchScreen.storyboard */ = {
			isa = PBXVariantGroup;
			children = (
				65CB0ED32104416B0065236D /* Base */,
			);
			name = LaunchScreen.storyboard;
			sourceTree = "<group>";
		};
/* End PBXVariantGroup section */

/* Begin XCBuildConfiguration section */
		65CB0EEE2104416B0065236D /* Debug */ = {
			isa = XCBuildConfiguration;
			buildSettings = {
				ALWAYS_SEARCH_USER_PATHS = NO;
				CLANG_ANALYZER_NONNULL = YES;
				CLANG_ANALYZER_NUMBER_OBJECT_CONVERSION = YES_AGGRESSIVE;
				CLANG_CXX_LANGUAGE_STANDARD = "gnu++14";
				CLANG_CXX_LIBRARY = "libc++";
				CLANG_ENABLE_MODULES = YES;
				CLANG_ENABLE_OBJC_ARC = YES;
				CLANG_ENABLE_OBJC_WEAK = YES;
				CLANG_WARN_BLOCK_CAPTURE_AUTORELEASING = YES;
				CLANG_WARN_BOOL_CONVERSION = YES;
				CLANG_WARN_COMMA = YES;
				CLANG_WARN_CONSTANT_CONVERSION = YES;
				CLANG_WARN_DEPRECATED_OBJC_IMPLEMENTATIONS = YES;
				CLANG_WARN_DIRECT_OBJC_ISA_USAGE = YES_ERROR;
				CLANG_WARN_DOCUMENTATION_COMMENTS = YES;
				CLANG_WARN_EMPTY_BODY = YES;
				CLANG_WARN_ENUM_CONVERSION = YES;
				CLANG_WARN_INFINITE_RECURSION = YES;
				CLANG_WARN_INT_CONVERSION = YES;
				CLANG_WARN_NON_LITERAL_NULL_CONVERSION = YES;
				CLANG_WARN_OBJC_IMPLICIT_RETAIN_SELF = YES;
				CLANG_WARN_OBJC_LITERAL_CONVERSION = YES;
				CLANG_WARN_OBJC_ROOT_CLASS = YES_ERROR;
				CLANG_WARN_RANGE_LOOP_ANALYSIS = YES;
				CLANG_WARN_STRICT_PROTOTYPES = YES;
				CLANG_WARN_SUSPICIOUS_MOVE = YES;
				CLANG_WARN_UNGUARDED_AVAILABILITY = YES_AGGRESSIVE;
				CLANG_WARN_UNREACHABLE_CODE = YES;
				CLANG_WARN__DUPLICATE_METHOD_MATCH = YES;
				CODE_SIGN_IDENTITY = "iPhone Developer";
				COPY_PHASE_STRIP = NO;
				DEBUG_INFORMATION_FORMAT = dwarf;
				ENABLE_STRICT_OBJC_MSGSEND = YES;
				ENABLE_TESTABILITY = YES;
				GCC_C_LANGUAGE_STANDARD = gnu11;
				GCC_DYNAMIC_NO_PIC = NO;
				GCC_NO_COMMON_BLOCKS = YES;
				GCC_OPTIMIZATION_LEVEL = 0;
				GCC_PREPROCESSOR_DEFINITIONS = (
					"DEBUG=1",
					"$(inherited)",
				);
				GCC_WARN_64_TO_32_BIT_CONVERSION = YES;
				GCC_WARN_ABOUT_RETURN_TYPE = YES_ERROR;
				GCC_WARN_UNDECLARED_SELECTOR = YES;
				GCC_WARN_UNINITIALIZED_AUTOS = YES_AGGRESSIVE;
				GCC_WARN_UNUSED_FUNCTION = YES;
				GCC_WARN_UNUSED_VARIABLE = YES;
				IPHONEOS_DEPLOYMENT_TARGET = 11.4;
				MTL_ENABLE_DEBUG_INFO = YES;
				ONLY_ACTIVE_ARCH = YES;
				SDKROOT = iphoneos;
			};
			name = Debug;
		};
		65CB0EEF2104416B0065236D /* Release */ = {
			isa = XCBuildConfiguration;
			buildSettings = {
				ALWAYS_SEARCH_USER_PATHS = NO;
				CLANG_ANALYZER_NONNULL = YES;
				CLANG_ANALYZER_NUMBER_OBJECT_CONVERSION = YES_AGGRESSIVE;
				CLANG_CXX_LANGUAGE_STANDARD = "gnu++14";
				CLANG_CXX_LIBRARY = "libc++";
				CLANG_ENABLE_MODULES = YES;
				CLANG_ENABLE_OBJC_ARC = YES;
				CLANG_ENABLE_OBJC_WEAK = YES;
				CLANG_WARN_BLOCK_CAPTURE_AUTORELEASING = YES;
				CLANG_WARN_BOOL_CONVERSION = YES;
				CLANG_WARN_COMMA = YES;
				CLANG_WARN_CONSTANT_CONVERSION = YES;
				CLANG_WARN_DEPRECATED_OBJC_IMPLEMENTATIONS = YES;
				CLANG_WARN_DIRECT_OBJC_ISA_USAGE = YES_ERROR;
				CLANG_WARN_DOCUMENTATION_COMMENTS = YES;
				CLANG_WARN_EMPTY_BODY = YES;
				CLANG_WARN_ENUM_CONVERSION = YES;
				CLANG_WARN_INFINITE_RECURSION = YES;
				CLANG_WARN_INT_CONVERSION = YES;
				CLANG_WARN_NON_LITERAL_NULL_CONVERSION = YES;
				CLANG_WARN_OBJC_IMPLICIT_RETAIN_SELF = YES;
				CLANG_WARN_OBJC_LITERAL_CONVERSION = YES;
				CLANG_WARN_OBJC_ROOT_CLASS = YES_ERROR;
				CLANG_WARN_RANGE_LOOP_ANALYSIS = YES;
				CLANG_WARN_STRICT_PROTOTYPES = YES;
				CLANG_WARN_SUSPICIOUS_MOVE = YES;
				CLANG_WARN_UNGUARDED_AVAILABILITY = YES_AGGRESSIVE;
				CLANG_WARN_UNREACHABLE_CODE = YES;
				CLANG_WARN__DUPLICATE_METHOD_MATCH = YES;
				CODE_SIGN_IDENTITY = "iPhone Developer";
				COPY_PHASE_STRIP = NO;
				DEBUG_INFORMATION_FORMAT = "dwarf-with-dsym";
				ENABLE_NS_ASSERTIONS = NO;
				ENABLE_STRICT_OBJC_MSGSEND = YES;
				GCC_C_LANGUAGE_STANDARD = gnu11;
				GCC_NO_COMMON_BLOCKS = YES;
				GCC_WARN_64_TO_32_BIT_CONVERSION = YES;
				GCC_WARN_ABOUT_RETURN_TYPE = YES_ERROR;
				GCC_WARN_UNDECLARED_SELECTOR = YES;
				GCC_WARN_UNINITIALIZED_AUTOS = YES_AGGRESSIVE;
				GCC_WARN_UNUSED_FUNCTION = YES;
				GCC_WARN_UNUSED_VARIABLE = YES;
				IPHONEOS_DEPLOYMENT_TARGET = 11.4;
				MTL_ENABLE_DEBUG_INFO = NO;
				SDKROOT = iphoneos;
				VALIDATE_PRODUCT = YES;
			};
			name = Release;
		};
		65CB0EF12104416B0065236D /* Debug */ = {
			isa = XCBuildConfiguration;
			buildSettings = {
				ASSETCATALOG_COMPILER_APPICON_NAME = AppIcon;
				CODE_SIGN_STYLE = Automatic;
				DEVELOPMENT_TEAM = MLTXA5NHRE;
				INFOPLIST_FILE = XYChart/Info.plist;
				IPHONEOS_DEPLOYMENT_TARGET = 8.0;
				LD_RUNPATH_SEARCH_PATHS = (
					"$(inherited)",
					"@executable_path/Frameworks",
				);
				PRODUCT_BUNDLE_IDENTIFIER = com.xcodeyang.XYChart;
				PRODUCT_NAME = "$(TARGET_NAME)";
				TARGETED_DEVICE_FAMILY = "1,2";
			};
			name = Debug;
		};
		65CB0EF22104416B0065236D /* Release */ = {
			isa = XCBuildConfiguration;
			buildSettings = {
				ASSETCATALOG_COMPILER_APPICON_NAME = AppIcon;
				CODE_SIGN_STYLE = Automatic;
				DEVELOPMENT_TEAM = MLTXA5NHRE;
				INFOPLIST_FILE = XYChart/Info.plist;
				IPHONEOS_DEPLOYMENT_TARGET = 8.0;
				LD_RUNPATH_SEARCH_PATHS = (
					"$(inherited)",
					"@executable_path/Frameworks",
				);
				PRODUCT_BUNDLE_IDENTIFIER = com.xcodeyang.XYChart;
				PRODUCT_NAME = "$(TARGET_NAME)";
				TARGETED_DEVICE_FAMILY = "1,2";
			};
			name = Release;
		};
		65CB0EF42104416B0065236D /* Debug */ = {
			isa = XCBuildConfiguration;
			buildSettings = {
				BUNDLE_LOADER = "$(TEST_HOST)";
				CODE_SIGN_STYLE = Automatic;
				INFOPLIST_FILE = XYChartTests/Info.plist;
				LD_RUNPATH_SEARCH_PATHS = (
					"$(inherited)",
					"@executable_path/Frameworks",
					"@loader_path/Frameworks",
				);
				PRODUCT_BUNDLE_IDENTIFIER = com.xcodeyang.XYChartTests;
				PRODUCT_NAME = "$(TARGET_NAME)";
				TARGETED_DEVICE_FAMILY = "1,2";
				TEST_HOST = "$(BUILT_PRODUCTS_DIR)/XYChart.app/XYChart";
			};
			name = Debug;
		};
		65CB0EF52104416B0065236D /* Release */ = {
			isa = XCBuildConfiguration;
			buildSettings = {
				BUNDLE_LOADER = "$(TEST_HOST)";
				CODE_SIGN_STYLE = Automatic;
				INFOPLIST_FILE = XYChartTests/Info.plist;
				LD_RUNPATH_SEARCH_PATHS = (
					"$(inherited)",
					"@executable_path/Frameworks",
					"@loader_path/Frameworks",
				);
				PRODUCT_BUNDLE_IDENTIFIER = com.xcodeyang.XYChartTests;
				PRODUCT_NAME = "$(TARGET_NAME)";
				TARGETED_DEVICE_FAMILY = "1,2";
				TEST_HOST = "$(BUILT_PRODUCTS_DIR)/XYChart.app/XYChart";
			};
			name = Release;
		};
		65CB0EF72104416B0065236D /* Debug */ = {
			isa = XCBuildConfiguration;
			buildSettings = {
				CODE_SIGN_STYLE = Automatic;
				INFOPLIST_FILE = XYChartUITests/Info.plist;
				LD_RUNPATH_SEARCH_PATHS = (
					"$(inherited)",
					"@executable_path/Frameworks",
					"@loader_path/Frameworks",
				);
				PRODUCT_BUNDLE_IDENTIFIER = com.xcodeyang.XYChartUITests;
				PRODUCT_NAME = "$(TARGET_NAME)";
				TARGETED_DEVICE_FAMILY = "1,2";
				TEST_TARGET_NAME = XYChart;
			};
			name = Debug;
		};
		65CB0EF82104416B0065236D /* Release */ = {
			isa = XCBuildConfiguration;
			buildSettings = {
				CODE_SIGN_STYLE = Automatic;
				INFOPLIST_FILE = XYChartUITests/Info.plist;
				LD_RUNPATH_SEARCH_PATHS = (
					"$(inherited)",
					"@executable_path/Frameworks",
					"@loader_path/Frameworks",
				);
				PRODUCT_BUNDLE_IDENTIFIER = com.xcodeyang.XYChartUITests;
				PRODUCT_NAME = "$(TARGET_NAME)";
				TARGETED_DEVICE_FAMILY = "1,2";
				TEST_TARGET_NAME = XYChart;
			};
			name = Release;
		};
/* End XCBuildConfiguration section */

/* Begin XCConfigurationList section */
		65CB0EBF2104416A0065236D /* Build configuration list for PBXProject "XYChart" */ = {
			isa = XCConfigurationList;
			buildConfigurations = (
				65CB0EEE2104416B0065236D /* Debug */,
				65CB0EEF2104416B0065236D /* Release */,
			);
			defaultConfigurationIsVisible = 0;
			defaultConfigurationName = Release;
		};
		65CB0EF02104416B0065236D /* Build configuration list for PBXNativeTarget "XYChart" */ = {
			isa = XCConfigurationList;
			buildConfigurations = (
				65CB0EF12104416B0065236D /* Debug */,
				65CB0EF22104416B0065236D /* Release */,
			);
			defaultConfigurationIsVisible = 0;
			defaultConfigurationName = Release;
		};
		65CB0EF32104416B0065236D /* Build configuration list for PBXNativeTarget "XYChartTests" */ = {
			isa = XCConfigurationList;
			buildConfigurations = (
				65CB0EF42104416B0065236D /* Debug */,
				65CB0EF52104416B0065236D /* Release */,
			);
			defaultConfigurationIsVisible = 0;
			defaultConfigurationName = Release;
		};
		65CB0EF62104416B0065236D /* Build configuration list for PBXNativeTarget "XYChartUITests" */ = {
			isa = XCConfigurationList;
			buildConfigurations = (
				65CB0EF72104416B0065236D /* Debug */,
				65CB0EF82104416B0065236D /* Release */,
			);
			defaultConfigurationIsVisible = 0;
			defaultConfigurationName = Release;
		};
/* End XCConfigurationList section */
	};
	rootObject = 65CB0EBC2104416A0065236D /* Project object */;
}
