PODS:
  - FORGestureTrackDisplay (0.1.0)
  - XYChart (0.0.1)

DEPENDENCIES:
  - FORGestureTrackDisplay
  - XYChart (from `../`)

SPEC REPOS:
  https://github.com/cocoapods/specs.git:
    - FORGestureTrackDisplay

EXTERNAL SOURCES:
  XYChart:
    :path: "../"

SPEC CHECKSUMS:
  FORGestureTrackDisplay: a0c14d65cbe49ee54dbc1ca15cfd14d905e0cf79
  XYChart: a3dcbd7a4416ff7e6c836104bb56bd9bbeb9526d

PODFILE CHECKSUM: a8239684cbc474cac6c5e50fa45e2570dde37a08

COCOAPODS: 1.6.1
